
Microsoft Visual Studio Solution File, Format Version 12.00
# Visual Studio Version 17
VisualStudioVersion = 17.4.33205.214
MinimumVisualStudioVersion = 10.0.40219.1
Project("{9A19103F-16F7-4668-BE54-9A1E7A4F7556}") = "SunOrientationFixes", "SunOrientationFixes.csproj", "{F3604D2D-82E2-40E4-A955-5F9E4D755601}"
EndProject
Global
	GlobalSection(SolutionConfigurationPlatforms) = preSolution
		Debug|Any CPU = Debug|Any CPU
		Release|Any CPU = Release|Any CPU
	EndGlobalSection
	GlobalSection(ProjectConfigurationPlatforms) = postSolution
		{F3604D2D-82E2-40E4-A955-5F9E4D755601}.Debug|Any CPU.ActiveCfg = Debug|Any CPU
		{F3604D2D-82E2-40E4-A955-5F9E4D755601}.Debug|Any CPU.Build.0 = Debug|Any CPU
		{F3604D2D-82E2-40E4-A955-5F9E4D755601}.Release|Any CPU.ActiveCfg = Release|Any CPU
		{F3604D2D-82E2-40E4-A955-5F9E4D755601}.Release|Any CPU.Build.0 = Release|Any CPU
	EndGlobalSection
	GlobalSection(SolutionProperties) = preSolution
		HideSolutionNode = FALSE
	EndGlobalSection
	GlobalSection(ExtensibilityGlobals) = postSolution
		SolutionGuid = {EBA7FCEE-AD95-4549-8E38-3418D2AC1745}
	EndGlobalSection
EndGlobal
